// !$*UTF8*$!
{
	archiveVersion = 1;
	classes = {
	};
	objectVersion = 46;
	objects = {

/* Begin PBXBuildFile section */
		FBECF5591C7165F800343DFF /* AppDelegate.swift in Sources */ = {isa = PBXBuildFile; fileRef = FBECF5581C7165F800343DFF /* AppDelegate.swift */; };
		FBECF55B1C7165F800343DFF /* ViewController.swift in Sources */ = {isa = PBXBuildFile; fileRef = FBECF55A1C7165F800343DFF /* ViewController.swift */; };
		FBECF55E1C7165F800343DFF /* Main.storyboard in Resources */ = {isa = PBXBuildFile; fileRef = FBECF55C1C7165F800343DFF /* Main.storyboard */; };
		FBECF5601C7165F800343DFF /* Assets.xcassets in Resources */ = {isa = PBXBuildFile; fileRef = FBECF55F1C7165F800343DFF /* Assets.xcassets */; };
		FBECF5631C7165F800343DFF /* LaunchScreen.storyboard in Resources */ = {isa = PBXBuildFile; fileRef = FBECF5611C7165F800343DFF /* LaunchScreen.storyboard */; };
		FBECF56E1C7165F800343DFF /* HW1CS407Tests.swift in Sources */ = {isa = PBXBuildFile; fileRef = FBECF56D1C7165F800343DFF /* HW1CS407Tests.swift */; };
		FBECF5791C7165F800343DFF /* HW1CS407UITests.swift in Sources */ = {isa = PBXBuildFile; fileRef = FBECF5781C7165F800343DFF /* HW1CS407UITests.swift */; };
/* End PBXBuildFile section */

/* Begin PBXContainerItemProxy section */
		FBECF56A1C7165F800343DFF /* PBXContainerItemProxy */ = {
			isa = PBXContainerItemProxy;
			containerPortal = FBECF54D1C7165F800343DFF /* Project object */;
			proxyType = 1;
			remoteGlobalIDString = FBECF5541C7165F800343DFF;
			remoteInfo = HW1CS407;
		};
		FBECF5751C7165F800343DFF /* PBXContainerItemProxy */ = {
			isa = PBXContainerItemProxy;
			containerPortal = FBECF54D1C7165F800343DFF /* Project object */;
			proxyType = 1;
			remoteGlobalIDString = FBECF5541C7165F800343DFF;
			remoteInfo = HW1CS407;
		};
/* End PBXContainerItemProxy section */

/* Begin PBXFileReference section */
		FBECF5551C7165F800343DFF /* HW1CS407.app */ = {isa = PBXFileReference; explicitFileType = wrapper.application; includeInIndex = 0; path = HW1CS407.app; sourceTree = BUILT_PRODUCTS_DIR; };
		FBECF5581C7165F800343DFF /* AppDelegate.swift */ = {isa = PBXFileReference; lastKnownFileType = sourcecode.swift; path = AppDelegate.swift; sourceTree = "<group>"; };
		FBECF55A1C7165F800343DFF /* ViewController.swift */ = {isa = PBXFileReference; lastKnownFileType = sourcecode.swift; path = ViewController.swift; sourceTree = "<group>"; };
		FBECF55D1C7165F800343DFF /* Base */ = {isa = PBXFileReference; lastKnownFileType = file.storyboard; name = Base; path = Base.lproj/Main.storyboard; sourceTree = "<group>"; };
		FBECF55F1C7165F800343DFF /* Assets.xcassets */ = {isa = PBXFileReference; lastKnownFileType = folder.assetcatalog; path = Assets.xcassets; sourceTree = "<group>"; };
		FBECF5621C7165F800343DFF /* Base */ = {isa = PBXFileReference; lastKnownFileType = file.storyboard; name = Base; path = Base.lproj/LaunchScreen.storyboard; sourceTree = "<group>"; };
		FBECF5641C7165F800343DFF /* Info.plist */ = {isa = PBXFileReference; lastKnownFileType = text.plist.xml; path = Info.plist; sourceTree = "<group>"; };
		FBECF5691C7165F800343DFF /* HW1CS407Tests.xctest */ = {isa = PBXFileReference; explicitFileType = wrapper.cfbundle; includeInIndex = 0; path = HW1CS407Tests.xctest; sourceTree = BUILT_PRODUCTS_DIR; };
		FBECF56D1C7165F800343DFF /* HW1CS407Tests.swift */ = {isa = PBXFileReference; lastKnownFileType = sourcecode.swift; path = HW1CS407Tests.swift; sourceTree = "<group>"; };
		FBECF56F1C7165F800343DFF /* Info.plist */ = {isa = PBXFileReference; lastKnownFileType = text.plist.xml; path = Info.plist; sourceTree = "<group>"; };
		FBECF5741C7165F800343DFF /* HW1CS407UITests.xctest */ = {isa = PBXFileReference; explicitFileType = wrapper.cfbundle; includeInIndex = 0; path = HW1CS407UITests.xctest; sourceTree = BUILT_PRODUCTS_DIR; };
		FBECF5781C7165F800343DFF /* HW1CS407UITests.swift */ = {isa = PBXFileReference; lastKnownFileType = sourcecode.swift; path = HW1CS407UITests.swift; sourceTree = "<group>"; };
		FBECF57A1C7165F800343DFF /* Info.plist */ = {isa = PBXFileReference; lastKnownFileType = text.plist.xml; path = Info.plist; sourceTree = "<group>"; };
/* End PBXFileReference section */

/* Begin PBXFrameworksBuildPhase section */
		FBECF5521C7165F800343DFF /* Frameworks */ = {
			isa = PBXFrameworksBuildPhase;
			buildActionMask = 2147483647;
			files = (
			);
			runOnlyForDeploymentPostprocessing = 0;
		};
		FBECF5661C7165F800343DFF /* Frameworks */ = {
			isa = PBXFrameworksBuildPhase;
			buildActionMask = 2147483647;
			files = (
			);
			runOnlyForDeploymentPostprocessing = 0;
		};
		FBECF5711C7165F800343DFF /* Frameworks */ = {
			isa = PBXFrameworksBuildPhase;
			buildActionMask = 2147483647;
			files = (
			);
			runOnlyForDeploymentPostprocessing = 0;
		};
/* End PBXFrameworksBuildPhase section */

/* Begin PBXGroup section */
		FBECF54C1C7165F800343DFF = {
			isa = PBXGroup;
			children = (
				FBECF5571C7165F800343DFF /* HW1CS407 */,
				FBECF56C1C7165F800343DFF /* HW1CS407Tests */,
				FBECF5771C7165F800343DFF /* HW1CS407UITests */,
				FBECF5561C7165F800343DFF /* Products */,
			);
			sourceTree = "<group>";
		};
		FBECF5561C7165F800343DFF /* Products */ = {
			isa = PBXGroup;
			children = (
				FBECF5551C7165F800343DFF /* HW1CS407.app */,
				FBECF5691C7165F800343DFF /* HW1CS407Tests.xctest */,
				FBECF5741C7165F800343DFF /* HW1CS407UITests.xctest */,
			);
			name = Products;
			sourceTree = "<group>";
		};
		FBECF5571C7165F800343DFF /* HW1CS407 */ = {
			isa = PBXGroup;
			children = (
				FBECF5581C7165F800343DFF /* AppDelegate.swift */,
				FBECF55A1C7165F800343DFF /* ViewController.swift */,
				FBECF55C1C7165F800343DFF /* Main.storyboard */,
				FBECF55F1C7165F800343DFF /* Assets.xcassets */,
				FBECF5611C7165F800343DFF /* LaunchScreen.storyboard */,
				FBECF5641C7165F800343DFF /* Info.plist */,
			);
			path = HW1CS407;
			sourceTree = "<group>";
		};
		FBECF56C1C7165F800343DFF /* HW1CS407Tests */ = {
			isa = PBXGroup;
			children = (
				FBECF56D1C7165F800343DFF /* HW1CS407Tests.swift */,
				FBECF56F1C7165F800343DFF /* Info.plist */,
			);
			path = HW1CS407Tests;
			sourceTree = "<group>";
		};
		FBECF5771C7165F800343DFF /* HW1CS407UITests */ = {
			isa = PBXGroup;
			children = (
				FBECF5781C7165F800343DFF /* HW1CS407UITests.swift */,
				FBECF57A1C7165F800343DFF /* Info.plist */,
			);
			path = HW1CS407UITests;
			sourceTree = "<group>";
		};
/* End PBXGroup section */

/* Begin PBXNativeTarget section */
		FBECF5541C7165F800343DFF /* HW1CS407 */ = {
			isa = PBXNativeTarget;
			buildConfigurationList = FBECF57D1C7165F800343DFF /* Build configuration list for PBXNativeTarget "HW1CS407" */;
			buildPhases = (
				FBECF5511C7165F800343DFF /* Sources */,
				FBECF5521C7165F800343DFF /* Frameworks */,
				FBECF5531C7165F800343DFF /* Resources */,
			);
			buildRules = (
			);
			dependencies = (
			);
			name = HW1CS407;
			productName = HW1CS407;
			productReference = FBECF5551C7165F800343DFF /* HW1CS407.app */;
			productType = "com.apple.product-type.application";
		};
		FBECF5681C7165F800343DFF /* HW1CS407Tests */ = {
			isa = PBXNativeTarget;
			buildConfigurationList = FBECF5801C7165F800343DFF /* Build configuration list for PBXNativeTarget "HW1CS407Tests" */;
			buildPhases = (
				FBECF5651C7165F800343DFF /* Sources */,
				FBECF5661C7165F800343DFF /* Frameworks */,
				FBECF5671C7165F800343DFF /* Resources */,
			);
			buildRules = (
			);
			dependencies = (
				FBECF56B1C7165F800343DFF /* PBXTargetDependency */,
			);
			name = HW1CS407Tests;
			productName = HW1CS407Tests;
			productReference = FBECF5691C7165F800343DFF /* HW1CS407Tests.xctest */;
			productType = "com.apple.product-type.bundle.unit-test";
		};
		FBECF5731C7165F800343DFF /* HW1CS407UITests */ = {
			isa = PBXNativeTarget;
			buildConfigurationList = FBECF5831C7165F800343DFF /* Build configuration list for PBXNativeTarget "HW1CS407UITests" */;
			buildPhases = (
				FBECF5701C7165F800343DFF /* Sources */,
				FBECF5711C7165F800343DFF /* Frameworks */,
				FBECF5721C7165F800343DFF /* Resources */,
			);
			buildRules = (
			);
			dependencies = (
				FBECF5761C7165F800343DFF /* PBXTargetDependency */,
			);
			name = HW1CS407UITests;
			productName = HW1CS407UITests;
			productReference = FBECF5741C7165F800343DFF /* HW1CS407UITests.xctest */;
			productType = "com.apple.product-type.bundle.ui-testing";
		};
/* End PBXNativeTarget section */

/* Begin PBXProject section */
		FBECF54D1C7165F800343DFF /* Project object */ = {
			isa = PBXProject;
			attributes = {
				LastSwiftUpdateCheck = 0710;
				LastUpgradeCheck = 0710;
				ORGANIZATIONNAME = ZhangYipeng;
				TargetAttributes = {
					FBECF5541C7165F800343DFF = {
						CreatedOnToolsVersion = 7.1;
					};
					FBECF5681C7165F800343DFF = {
						CreatedOnToolsVersion = 7.1;
						TestTargetID = FBECF5541C7165F800343DFF;
					};
					FBECF5731C7165F800343DFF = {
						CreatedOnToolsVersion = 7.1;
						TestTargetID = FBECF5541C7165F800343DFF;
					};
				};
			};
			buildConfigurationList = FBECF5501C7165F800343DFF /* Build configuration list for PBXProject "HW1CS407" */;
			compatibilityVersion = "Xcode 3.2";
			developmentRegion = English;
			hasScannedForEncodings = 0;
			knownRegions = (
				en,
				Base,
			);
			mainGroup = FBECF54C1C7165F800343DFF;
			productRefGroup = FBECF5561C7165F800343DFF /* Products */;
			projectDirPath = "";
			projectRoot = "";
			targets = (
				FBECF5541C7165F800343DFF /* HW1CS407 */,
				FBECF5681C7165F800343DFF /* HW1CS407Tests */,
				FBECF5731C7165F800343DFF /* HW1CS407UITests */,
			);
		};
/* End PBXProject section */

/* Begin PBXResourcesBuildPhase section */
		FBECF5531C7165F800343DFF /* Resources */ = {
			isa = PBXResourcesBuildPhase;
			buildActionMask = 2147483647;
			files = (
				FBECF5631C7165F800343DFF /* LaunchScreen.storyboard in Resources */,
				FBECF5601C7165F800343DFF /* Assets.xcassets in Resources */,
				FBECF55E1C7165F800343DFF /* Main.storyboard in Resources */,
			);
			runOnlyForDeploymentPostprocessing = 0;
		};
		FBECF5671C7165F800343DFF /* Resources */ = {
			isa = PBXResourcesBuildPhase;
			buildActionMask = 2147483647;
			files = (
			);
			runOnlyForDeploymentPostprocessing = 0;
		};
		FBECF5721C7165F800343DFF /* Resources */ = {
			isa = PBXResourcesBuildPhase;
			buildActionMask = 2147483647;
			files = (
			);
			runOnlyForDeploymentPostprocessing = 0;
		};
/* End PBXResourcesBuildPhase section */

/* Begin PBXSourcesBuildPhase section */
		FBECF5511C7165F800343DFF /* Sources */ = {
			isa = PBXSourcesBuildPhase;
			buildActionMask = 2147483647;
			files = (
				FBECF55B1C7165F800343DFF /* ViewController.swift in Sources */,
				FBECF5591C7165F800343DFF /* AppDelegate.swift in Sources */,
			);
			runOnlyForDeploymentPostprocessing = 0;
		};
		FBECF5651C7165F800343DFF /* Sources */ = {
			isa = PBXSourcesBuildPhase;
			buildActionMask = 2147483647;
			files = (
				FBECF56E1C7165F800343DFF /* HW1CS407Tests.swift in Sources */,
			);
			runOnlyForDeploymentPostprocessing = 0;
		};
		FBECF5701C7165F800343DFF /* Sources */ = {
			isa = PBXSourcesBuildPhase;
			buildActionMask = 2147483647;
			files = (
				FBECF5791C7165F800343DFF /* HW1CS407UITests.swift in Sources */,
			);
			runOnlyForDeploymentPostprocessing = 0;
		};
/* End PBXSourcesBuildPhase section */

/* Begin PBXTargetDependency section */
		FBECF56B1C7165F800343DFF /* PBXTargetDependency */ = {
			isa = PBXTargetDependency;
			target = FBECF5541C7165F800343DFF /* HW1CS407 */;
			targetProxy = FBECF56A1C7165F800343DFF /* PBXContainerItemProxy */;
		};
		FBECF5761C7165F800343DFF /* PBXTargetDependency */ = {
			isa = PBXTargetDependency;
			target = FBECF5541C7165F800343DFF /* HW1CS407 */;
			targetProxy = FBECF5751C7165F800343DFF /* PBXContainerItemProxy */;
		};
/* End PBXTargetDependency section */

/* Begin PBXVariantGroup section */
		FBECF55C1C7165F800343DFF /* Main.storyboard */ = {
			isa = PBXVariantGroup;
			children = (
				FBECF55D1C7165F800343DFF /* Base */,
			);
			name = Main.storyboard;
			sourceTree = "<group>";
		};
		FBECF5611C7165F800343DFF /* LaunchScreen.storyboard */ = {
			isa = PBXVariantGroup;
			children = (
				FBECF5621C7165F800343DFF /* Base */,
			);
			name = LaunchScreen.storyboard;
			sourceTree = "<group>";
		};
/* End PBXVariantGroup section */

/* Begin XCBuildConfiguration section */
		FBECF57B1C7165F800343DFF /* Debug */ = {
			isa = XCBuildConfiguration;
			buildSettings = {
				ALWAYS_SEARCH_USER_PATHS = NO;
				CLANG_CXX_LANGUAGE_STANDARD = "gnu++0x";
				CLANG_CXX_LIBRARY = "libc++";
				CLANG_ENABLE_MODULES = YES;
				CLANG_ENABLE_OBJC_ARC = YES;
				CLANG_WARN_BOOL_CONVERSION = YES;
				CLANG_WARN_CONSTANT_CONVERSION = YES;
				CLANG_WARN_DIRECT_OBJC_ISA_USAGE = YES_ERROR;
				CLANG_WARN_EMPTY_BODY = YES;
				CLANG_WARN_ENUM_CONVERSION = YES;
				CLANG_WARN_INT_CONVERSION = YES;
				CLANG_WARN_OBJC_ROOT_CLASS = YES_ERROR;
				CLANG_WARN_UNREACHABLE_CODE = YES;
				CLANG_WARN__DUPLICATE_METHOD_MATCH = YES;
				"CODE_SIGN_IDENTITY[sdk=iphoneos*]" = "iPhone Developer";
				COPY_PHASE_STRIP = NO;
				DEBUG_INFORMATION_FORMAT = dwarf;
				ENABLE_STRICT_OBJC_MSGSEND = YES;
				ENABLE_TESTABILITY = YES;
				GCC_C_LANGUAGE_STANDARD = gnu99;
				GCC_DYNAMIC_NO_PIC = NO;
				GCC_NO_COMMON_BLOCKS = YES;
				GCC_OPTIMIZATION_LEVEL = 0;
				GCC_PREPROCESSOR_DEFINITIONS = (
					"DEBUG=1",
					"$(inherited)",
				);
				GCC_WARN_64_TO_32_BIT_CONVERSION = YES;
				GCC_WARN_ABOUT_RETURN_TYPE = YES_ERROR;
				GCC_WARN_UNDECLARED_SELECTOR = YES;
				GCC_WARN_UNINITIALIZED_AUTOS = YES_AGGRESSIVE;
				GCC_WARN_UNUSED_FUNCTION = YES;
				GCC_WARN_UNUSED_VARIABLE = YES;
				IPHONEOS_DEPLOYMENT_TARGET = 9.1;
				MTL_ENABLE_DEBUG_INFO = YES;
				ONLY_ACTIVE_ARCH = YES;
				SDKROOT = iphoneos;
				SWIFT_OPTIMIZATION_LEVEL = "-Onone";
			};
			name = Debug;
		};
		FBECF57C1C7165F800343DFF /* Release */ = {
			isa = XCBuildConfiguration;
			buildSettings = {
				ALWAYS_SEARCH_USER_PATHS = NO;
				CLANG_CXX_LANGUAGE_STANDARD = "gnu++0x";
				CLANG_CXX_LIBRARY = "libc++";
				CLANG_ENABLE_MODULES = YES;
				CLANG_ENABLE_OBJC_ARC = YES;
				CLANG_WARN_BOOL_CONVERSION = YES;
				CLANG_WARN_CONSTANT_CONVERSION = YES;
				CLANG_WARN_DIRECT_OBJC_ISA_USAGE = YES_ERROR;
				CLANG_WARN_EMPTY_BODY = YES;
				CLANG_WARN_ENUM_CONVERSION = YES;
				CLANG_WARN_INT_CONVERSION = YES;
				CLANG_WARN_OBJC_ROOT_CLASS = YES_ERROR;
				CLANG_WARN_UNREACHABLE_CODE = YES;
				CLANG_WARN__DUPLICATE_METHOD_MATCH = YES;
				"CODE_SIGN_IDENTITY[sdk=iphoneos*]" = "iPhone Developer";
				COPY_PHASE_STRIP = NO;
				DEBUG_INFORMATION_FORMAT = "dwarf-with-dsym";
				ENABLE_NS_ASSERTIONS = NO;
				ENABLE_STRICT_OBJC_MSGSEND = YES;
				GCC_C_LANGUAGE_STANDARD = gnu99;
				GCC_NO_COMMON_BLOCKS = YES;
				GCC_WARN_64_TO_32_BIT_CONVERSION = YES;
				GCC_WARN_ABOUT_RETURN_TYPE = YES_ERROR;
				GCC_WARN_UNDECLARED_SELECTOR = YES;
				GCC_WARN_UNINITIALIZED_AUTOS = YES_AGGRESSIVE;
				GCC_WARN_UNUSED_FUNCTION = YES;
				GCC_WARN_UNUSED_VARIABLE = YES;
				IPHONEOS_DEPLOYMENT_TARGET = 9.1;
				MTL_ENABLE_DEBUG_INFO = NO;
				SDKROOT = iphoneos;
				VALIDATE_PRODUCT = YES;
			};
			name = Release;
		};
		FBECF57E1C7165F800343DFF /* Debug */ = {
			isa = XCBuildConfiguration;
			buildSettings = {
				ASSETCATALOG_COMPILER_APPICON_NAME = AppIcon;
				INFOPLIST_FILE = HW1CS407/Info.plist;
				LD_RUNPATH_SEARCH_PATHS = "$(inherited) @executable_path/Frameworks";
				PRODUCT_BUNDLE_IDENTIFIER = com.yipeng.HW1CS407;
				PRODUCT_NAME = "$(TARGET_NAME)";
			};
			name = Debug;
		};
		FBECF57F1C7165F800343DFF /* Release */ = {
			isa = XCBuildConfiguration;
			buildSettings = {
				ASSETCATALOG_COMPILER_APPICON_NAME = AppIcon;
				INFOPLIST_FILE = HW1CS407/Info.plist;
				LD_RUNPATH_SEARCH_PATHS = "$(inherited) @executable_path/Frameworks";
				PRODUCT_BUNDLE_IDENTIFIER = com.yipeng.HW1CS407;
				PRODUCT_NAME = "$(TARGET_NAME)";
			};
			name = Release;
		};
		FBECF5811C7165F800343DFF /* Debug */ = {
			isa = XCBuildConfiguration;
			buildSettings = {
				BUNDLE_LOADER = "$(TEST_HOST)";
				INFOPLIST_FILE = HW1CS407Tests/Info.plist;
				LD_RUNPATH_SEARCH_PATHS = "$(inherited) @executable_path/Frameworks @loader_path/Frameworks";
				PRODUCT_BUNDLE_IDENTIFIER = com.yipeng.HW1CS407Tests;
				PRODUCT_NAME = "$(TARGET_NAME)";
				TEST_HOST = "$(BUILT_PRODUCTS_DIR)/HW1CS407.app/HW1CS407";
			};
			name = Debug;
		};
		FBECF5821C7165F800343DFF /* Release */ = {
			isa = XCBuildConfiguration;
			buildSettings = {
				BUNDLE_LOADER = "$(TEST_HOST)";
				INFOPLIST_FILE = HW1CS407Tests/Info.plist;
				LD_RUNPATH_SEARCH_PATHS = "$(inherited) @executable_path/Frameworks @loader_path/Frameworks";
				PRODUCT_BUNDLE_IDENTIFIER = com.yipeng.HW1CS407Tests;
				PRODUCT_NAME = "$(TARGET_NAME)";
				TEST_HOST = "$(BUILT_PRODUCTS_DIR)/HW1CS407.app/HW1CS407";
			};
			name = Release;
		};
		FBECF5841C7165F800343DFF /* Debug */ = {
			isa = XCBuildConfiguration;
			buildSettings = {
				INFOPLIST_FILE = HW1CS407UITests/Info.plist;
				LD_RUNPATH_SEARCH_PATHS = "$(inherited) @executable_path/Frameworks @loader_path/Frameworks";
				PRODUCT_BUNDLE_IDENTIFIER = com.yipeng.HW1CS407UITests;
				PRODUCT_NAME = "$(TARGET_NAME)";
				TEST_TARGET_NAME = HW1CS407;
				USES_XCTRUNNER = YES;
			};
			name = Debug;
		};
		FBECF5851C7165F800343DFF /* Release */ = {
			isa = XCBuildConfiguration;
			buildSettings = {
				INFOPLIST_FILE = HW1CS407UITests/Info.plist;
				LD_RUNPATH_SEARCH_PATHS = "$(inherited) @executable_path/Frameworks @loader_path/Frameworks";
				PRODUCT_BUNDLE_IDENTIFIER = com.yipeng.HW1CS407UITests;
				PRODUCT_NAME = "$(TARGET_NAME)";
				TEST_TARGET_NAME = HW1CS407;
				USES_XCTRUNNER = YES;
			};
			name = Release;
		};
/* End XCBuildConfiguration section */

/* Begin XCConfigurationList section */
		FBECF5501C7165F800343DFF /* Build configuration list for PBXProject "HW1CS407" */ = {
			isa = XCConfigurationList;
			buildConfigurations = (
				FBECF57B1C7165F800343DFF /* Debug */,
				FBECF57C1C7165F800343DFF /* Release */,
			);
			defaultConfigurationIsVisible = 0;
			defaultConfigurationName = Release;
		};
		FBECF57D1C7165F800343DFF /* Build configuration list for PBXNativeTarget "HW1CS407" */ = {
			isa = XCConfigurationList;
			buildConfigurations = (
				FBECF57E1C7165F800343DFF /* Debug */,
				FBECF57F1C7165F800343DFF /* Release */,
			);
			defaultConfigurationIsVisible = 0;
		};
		FBECF5801C7165F800343DFF /* Build configuration list for PBXNativeTarget "HW1CS407Tests" */ = {
			isa = XCConfigurationList;
			buildConfigurations = (
				FBECF5811C7165F800343DFF /* Debug */,
				FBECF5821C7165F800343DFF /* Release */,
			);
			defaultConfigurationIsVisible = 0;
		};
		FBECF5831C7165F800343DFF /* Build configuration list for PBXNativeTarget "HW1CS407UITests" */ = {
			isa = XCConfigurationList;
			buildConfigurations = (
				FBECF5841C7165F800343DFF /* Debug */,
				FBECF5851C7165F800343DFF /* Release */,
			);
			defaultConfigurationIsVisible = 0;
		};
/* End XCConfigurationList section */
	};
	rootObject = FBECF54D1C7165F800343DFF /* Project object */;
}
